// !$*UTF8*$!
{
	archiveVersion = 1;
	classes = {
	};
	objectVersion = 50;
	objects = {

/* Begin PBXBuildFile section */
		C57D3C7227DB495700C8F6FA /* AppDelegate.swift in Sources */ = {isa = PBXBuildFile; fileRef = C57D3C7127DB495700C8F6FA /* AppDelegate.swift */; };
		C57D3C7427DB495700C8F6FA /* SceneDelegate.swift in Sources */ = {isa = PBXBuildFile; fileRef = C57D3C7327DB495700C8F6FA /* SceneDelegate.swift */; };
		C57D3C7627DB495700C8F6FA /* ViewController.swift in Sources */ = {isa = PBXBuildFile; fileRef = C57D3C7527DB495700C8F6FA /* ViewController.swift */; };
		C57D3C7927DB495700C8F6FA /* Main.storyboard in Resources */ = {isa = PBXBuildFile; fileRef = C57D3C7727DB495700C8F6FA /* Main.storyboard */; };
		C57D3C7B27DB495900C8F6FA /* Assets.xcassets in Resources */ = {isa = PBXBuildFile; fileRef = C57D3C7A27DB495900C8F6FA /* Assets.xcassets */; };
		C57D3C7E27DB495900C8F6FA /* LaunchScreen.storyboard in Resources */ = {isa = PBXBuildFile; fileRef = C57D3C7C27DB495900C8F6FA /* LaunchScreen.storyboard */; };
		C57D3C8727DB49A400C8F6FA /* NewsFeedView.swift in Sources */ = {isa = PBXBuildFile; fileRef = C57D3C8627DB49A400C8F6FA /* NewsFeedView.swift */; };
		C57D3C8B27DB774300C8F6FA /* CustomTableViewCell.swift in Sources */ = {isa = PBXBuildFile; fileRef = C57D3C8A27DB774300C8F6FA /* CustomTableViewCell.swift */; };
		C57D3C8E27DC886F00C8F6FA /* NewsDetails.swift in Sources */ = {isa = PBXBuildFile; fileRef = C57D3C8D27DC886F00C8F6FA /* NewsDetails.swift */; };
		C57D3C9127DCD84300C8F6FA /* LazyImage.swift in Sources */ = {isa = PBXBuildFile; fileRef = C57D3C9027DCD84300C8F6FA /* LazyImage.swift */; };
		C57D3C9E27DDE80D00C8F6FA /* CBAOnlineTestTests.swift in Sources */ = {isa = PBXBuildFile; fileRef = C57D3C9D27DDE80D00C8F6FA /* CBAOnlineTestTests.swift */; };
		C57D3CB227DDF2E000C8F6FA /* CBAOnlineTestUITests.swift in Sources */ = {isa = PBXBuildFile; fileRef = C57D3CB127DDF2E000C8F6FA /* CBAOnlineTestUITests.swift */; };
		C57D3CCC27DDF90300C8F6FA /* Constants.swift in Sources */ = {isa = PBXBuildFile; fileRef = C57D3CCB27DDF90300C8F6FA /* Constants.swift */; };
/* End PBXBuildFile section */

/* Begin PBXContainerItemProxy section */
		C57D3CA027DDE80D00C8F6FA /* PBXContainerItemProxy */ = {
			isa = PBXContainerItemProxy;
			containerPortal = C57D3C6627DB495700C8F6FA /* Project object */;
			proxyType = 1;
			remoteGlobalIDString = C57D3C6D27DB495700C8F6FA;
			remoteInfo = CBAOnlineTest;
		};
		C57D3CB427DDF2E000C8F6FA /* PBXContainerItemProxy */ = {
			isa = PBXContainerItemProxy;
			containerPortal = C57D3C6627DB495700C8F6FA /* Project object */;
			proxyType = 1;
			remoteGlobalIDString = C57D3C6D27DB495700C8F6FA;
			remoteInfo = CBAOnlineTest;
		};
/* End PBXContainerItemProxy section */

/* Begin PBXFileReference section */
		C57D3C6E27DB495700C8F6FA /* CBAOnlineTest.app */ = {isa = PBXFileReference; explicitFileType = wrapper.application; includeInIndex = 0; path = CBAOnlineTest.app; sourceTree = BUILT_PRODUCTS_DIR; };
		C57D3C7127DB495700C8F6FA /* AppDelegate.swift */ = {isa = PBXFileReference; lastKnownFileType = sourcecode.swift; path = AppDelegate.swift; sourceTree = "<group>"; };
		C57D3C7327DB495700C8F6FA /* SceneDelegate.swift */ = {isa = PBXFileReference; lastKnownFileType = sourcecode.swift; path = SceneDelegate.swift; sourceTree = "<group>"; };
		C57D3C7527DB495700C8F6FA /* ViewController.swift */ = {isa = PBXFileReference; lastKnownFileType = sourcecode.swift; path = ViewController.swift; sourceTree = "<group>"; };
		C57D3C7827DB495700C8F6FA /* Base */ = {isa = PBXFileReference; lastKnownFileType = file.storyboard; name = Base; path = Base.lproj/Main.storyboard; sourceTree = "<group>"; };
		C57D3C7A27DB495900C8F6FA /* Assets.xcassets */ = {isa = PBXFileReference; lastKnownFileType = folder.assetcatalog; path = Assets.xcassets; sourceTree = "<group>"; };
		C57D3C7D27DB495900C8F6FA /* Base */ = {isa = PBXFileReference; lastKnownFileType = file.storyboard; name = Base; path = Base.lproj/LaunchScreen.storyboard; sourceTree = "<group>"; };
		C57D3C7F27DB495900C8F6FA /* Info.plist */ = {isa = PBXFileReference; lastKnownFileType = text.plist.xml; path = Info.plist; sourceTree = "<group>"; };
		C57D3C8627DB49A400C8F6FA /* NewsFeedView.swift */ = {isa = PBXFileReference; lastKnownFileType = sourcecode.swift; path = NewsFeedView.swift; sourceTree = "<group>"; };
		C57D3C8A27DB774300C8F6FA /* CustomTableViewCell.swift */ = {isa = PBXFileReference; lastKnownFileType = sourcecode.swift; path = CustomTableViewCell.swift; sourceTree = "<group>"; };
		C57D3C8D27DC886F00C8F6FA /* NewsDetails.swift */ = {isa = PBXFileReference; lastKnownFileType = sourcecode.swift; path = NewsDetails.swift; sourceTree = "<group>"; };
		C57D3C9027DCD84300C8F6FA /* LazyImage.swift */ = {isa = PBXFileReference; lastKnownFileType = sourcecode.swift; path = LazyImage.swift; sourceTree = "<group>"; };
		C57D3C9B27DDE80D00C8F6FA /* CBAOnlineTestTests.xctest */ = {isa = PBXFileReference; explicitFileType = wrapper.cfbundle; includeInIndex = 0; path = CBAOnlineTestTests.xctest; sourceTree = BUILT_PRODUCTS_DIR; };
		C57D3C9D27DDE80D00C8F6FA /* CBAOnlineTestTests.swift */ = {isa = PBXFileReference; lastKnownFileType = sourcecode.swift; path = CBAOnlineTestTests.swift; sourceTree = "<group>"; };
		C57D3C9F27DDE80D00C8F6FA /* Info.plist */ = {isa = PBXFileReference; lastKnownFileType = text.plist.xml; path = Info.plist; sourceTree = "<group>"; };
		C57D3CAF27DDF2E000C8F6FA /* CBAOnlineTestUITests.xctest */ = {isa = PBXFileReference; explicitFileType = wrapper.cfbundle; includeInIndex = 0; path = CBAOnlineTestUITests.xctest; sourceTree = BUILT_PRODUCTS_DIR; };
		C57D3CB127DDF2E000C8F6FA /* CBAOnlineTestUITests.swift */ = {isa = PBXFileReference; lastKnownFileType = sourcecode.swift; path = CBAOnlineTestUITests.swift; sourceTree = "<group>"; };
		C57D3CB327DDF2E000C8F6FA /* Info.plist */ = {isa = PBXFileReference; lastKnownFileType = text.plist.xml; path = Info.plist; sourceTree = "<group>"; };
		C57D3CCB27DDF90300C8F6FA /* Constants.swift */ = {isa = PBXFileReference; lastKnownFileType = sourcecode.swift; path = Constants.swift; sourceTree = "<group>"; };
/* End PBXFileReference section */

/* Begin PBXFrameworksBuildPhase section */
		C57D3C6B27DB495700C8F6FA /* Frameworks */ = {
			isa = PBXFrameworksBuildPhase;
			buildActionMask = 2147483647;
			files = (
			);
			runOnlyForDeploymentPostprocessing = 0;
		};
		C57D3C9827DDE80D00C8F6FA /* Frameworks */ = {
			isa = PBXFrameworksBuildPhase;
			buildActionMask = 2147483647;
			files = (
			);
			runOnlyForDeploymentPostprocessing = 0;
		};
		C57D3CAC27DDF2E000C8F6FA /* Frameworks */ = {
			isa = PBXFrameworksBuildPhase;
			buildActionMask = 2147483647;
			files = (
			);
			runOnlyForDeploymentPostprocessing = 0;
		};
/* End PBXFrameworksBuildPhase section */

/* Begin PBXGroup section */
		C57D3C6527DB495700C8F6FA = {
			isa = PBXGroup;
			children = (
				C57D3C7027DB495700C8F6FA /* CBAOnlineTest */,
				C57D3C9C27DDE80D00C8F6FA /* CBAOnlineTestTests */,
				C57D3CB027DDF2E000C8F6FA /* CBAOnlineTestUITests */,
				C57D3C6F27DB495700C8F6FA /* Products */,
			);
			sourceTree = "<group>";
		};
		C57D3C6F27DB495700C8F6FA /* Products */ = {
			isa = PBXGroup;
			children = (
				C57D3C6E27DB495700C8F6FA /* CBAOnlineTest.app */,
				C57D3C9B27DDE80D00C8F6FA /* CBAOnlineTestTests.xctest */,
				C57D3CAF27DDF2E000C8F6FA /* CBAOnlineTestUITests.xctest */,
			);
			name = Products;
			sourceTree = "<group>";
		};
		C57D3C7027DB495700C8F6FA /* CBAOnlineTest */ = {
			isa = PBXGroup;
			children = (
				C57D3CCA27DDF8ED00C8F6FA /* Utilities */,
				C57D3CC627DDF6B300C8F6FA /* Model */,
				C57D3CC527DDF66100C8F6FA /* View */,
				C57D3CC327DDF63000C8F6FA /* Delegates */,
				C57D3CC427DDF64D00C8F6FA /* Controller */,
				C57D3C7A27DB495900C8F6FA /* Assets.xcassets */,
				C57D3C7C27DB495900C8F6FA /* LaunchScreen.storyboard */,
				C57D3C7F27DB495900C8F6FA /* Info.plist */,
			);
			path = CBAOnlineTest;
			sourceTree = "<group>";
		};
		C57D3C9C27DDE80D00C8F6FA /* CBAOnlineTestTests */ = {
			isa = PBXGroup;
			children = (
				C57D3C9D27DDE80D00C8F6FA /* CBAOnlineTestTests.swift */,
				C57D3C9F27DDE80D00C8F6FA /* Info.plist */,
			);
			path = CBAOnlineTestTests;
			sourceTree = "<group>";
		};
		C57D3CB027DDF2E000C8F6FA /* CBAOnlineTestUITests */ = {
			isa = PBXGroup;
			children = (
				C57D3CB127DDF2E000C8F6FA /* CBAOnlineTestUITests.swift */,
				C57D3CB327DDF2E000C8F6FA /* Info.plist */,
			);
			path = CBAOnlineTestUITests;
			sourceTree = "<group>";
		};
		C57D3CC327DDF63000C8F6FA /* Delegates */ = {
			isa = PBXGroup;
			children = (
				C57D3C7127DB495700C8F6FA /* AppDelegate.swift */,
				C57D3C7327DB495700C8F6FA /* SceneDelegate.swift */,
			);
			path = Delegates;
			sourceTree = "<group>";
		};
		C57D3CC427DDF64D00C8F6FA /* Controller */ = {
			isa = PBXGroup;
			children = (
				C57D3C7527DB495700C8F6FA /* ViewController.swift */,
			);
			path = Controller;
			sourceTree = "<group>";
		};
		C57D3CC527DDF66100C8F6FA /* View */ = {
			isa = PBXGroup;
			children = (
				C57D3C8A27DB774300C8F6FA /* CustomTableViewCell.swift */,
				C57D3C8627DB49A400C8F6FA /* NewsFeedView.swift */,
				C57D3C9027DCD84300C8F6FA /* LazyImage.swift */,
				C57D3C7727DB495700C8F6FA /* Main.storyboard */,
			);
			path = View;
			sourceTree = "<group>";
		};
		C57D3CC627DDF6B300C8F6FA /* Model */ = {
			isa = PBXGroup;
			children = (
				C57D3C8D27DC886F00C8F6FA /* NewsDetails.swift */,
			);
			path = Model;
			sourceTree = "<group>";
		};
		C57D3CCA27DDF8ED00C8F6FA /* Utilities */ = {
			isa = PBXGroup;
			children = (
				C57D3CCB27DDF90300C8F6FA /* Constants.swift */,
			);
			path = Utilities;
			sourceTree = "<group>";
		};
/* End PBXGroup section */

/* Begin PBXNativeTarget section */
		C57D3C6D27DB495700C8F6FA /* CBAOnlineTest */ = {
			isa = PBXNativeTarget;
			buildConfigurationList = C57D3C8227DB495900C8F6FA /* Build configuration list for PBXNativeTarget "CBAOnlineTest" */;
			buildPhases = (
				C57D3C6A27DB495700C8F6FA /* Sources */,
				C57D3C6B27DB495700C8F6FA /* Frameworks */,
				C57D3C6C27DB495700C8F6FA /* Resources */,
			);
			buildRules = (
			);
			dependencies = (
			);
			name = CBAOnlineTest;
			productName = CBAOnlineTest;
			productReference = C57D3C6E27DB495700C8F6FA /* CBAOnlineTest.app */;
			productType = "com.apple.product-type.application";
		};
		C57D3C9A27DDE80D00C8F6FA /* CBAOnlineTestTests */ = {
			isa = PBXNativeTarget;
			buildConfigurationList = C57D3CA227DDE80D00C8F6FA /* Build configuration list for PBXNativeTarget "CBAOnlineTestTests" */;
			buildPhases = (
				C57D3C9727DDE80D00C8F6FA /* Sources */,
				C57D3C9827DDE80D00C8F6FA /* Frameworks */,
				C57D3C9927DDE80D00C8F6FA /* Resources */,
			);
			buildRules = (
			);
			dependencies = (
				C57D3CA127DDE80D00C8F6FA /* PBXTargetDependency */,
			);
			name = CBAOnlineTestTests;
			productName = CBAOnlineTestTests;
			productReference = C57D3C9B27DDE80D00C8F6FA /* CBAOnlineTestTests.xctest */;
			productType = "com.apple.product-type.bundle.unit-test";
		};
		C57D3CAE27DDF2E000C8F6FA /* CBAOnlineTestUITests */ = {
			isa = PBXNativeTarget;
			buildConfigurationList = C57D3CB627DDF2E000C8F6FA /* Build configuration list for PBXNativeTarget "CBAOnlineTestUITests" */;
			buildPhases = (
				C57D3CAB27DDF2E000C8F6FA /* Sources */,
				C57D3CAC27DDF2E000C8F6FA /* Frameworks */,
				C57D3CAD27DDF2E000C8F6FA /* Resources */,
			);
			buildRules = (
			);
			dependencies = (
				C57D3CB527DDF2E000C8F6FA /* PBXTargetDependency */,
			);
			name = CBAOnlineTestUITests;
			productName = CBAOnlineTestUITests;
			productReference = C57D3CAF27DDF2E000C8F6FA /* CBAOnlineTestUITests.xctest */;
			productType = "com.apple.product-type.bundle.ui-testing";
		};
/* End PBXNativeTarget section */

/* Begin PBXProject section */
		C57D3C6627DB495700C8F6FA /* Project object */ = {
			isa = PBXProject;
			attributes = {
				LastSwiftUpdateCheck = 1220;
				LastUpgradeCheck = 1220;
				TargetAttributes = {
					C57D3C6D27DB495700C8F6FA = {
						CreatedOnToolsVersion = 12.2;
					};
					C57D3C9A27DDE80D00C8F6FA = {
						CreatedOnToolsVersion = 12.2;
						TestTargetID = C57D3C6D27DB495700C8F6FA;
					};
					C57D3CAE27DDF2E000C8F6FA = {
						CreatedOnToolsVersion = 12.2;
						TestTargetID = C57D3C6D27DB495700C8F6FA;
					};
				};
			};
			buildConfigurationList = C57D3C6927DB495700C8F6FA /* Build configuration list for PBXProject "CBAOnlineTest" */;
			compatibilityVersion = "Xcode 9.3";
			developmentRegion = en;
			hasScannedForEncodings = 0;
			knownRegions = (
				en,
				Base,
			);
			mainGroup = C57D3C6527DB495700C8F6FA;
			productRefGroup = C57D3C6F27DB495700C8F6FA /* Products */;
			projectDirPath = "";
			projectRoot = "";
			targets = (
				C57D3C6D27DB495700C8F6FA /* CBAOnlineTest */,
				C57D3C9A27DDE80D00C8F6FA /* CBAOnlineTestTests */,
				C57D3CAE27DDF2E000C8F6FA /* CBAOnlineTestUITests */,
			);
		};
/* End PBXProject section */

/* Begin PBXResourcesBuildPhase section */
		C57D3C6C27DB495700C8F6FA /* Resources */ = {
			isa = PBXResourcesBuildPhase;
			buildActionMask = 2147483647;
			files = (
				C57D3C7E27DB495900C8F6FA /* LaunchScreen.storyboard in Resources */,
				C57D3C7B27DB495900C8F6FA /* Assets.xcassets in Resources */,
				C57D3C7927DB495700C8F6FA /* Main.storyboard in Resources */,
			);
			runOnlyForDeploymentPostprocessing = 0;
		};
		C57D3C9927DDE80D00C8F6FA /* Resources */ = {
			isa = PBXResourcesBuildPhase;
			buildActionMask = 2147483647;
			files = (
			);
			runOnlyForDeploymentPostprocessing = 0;
		};
		C57D3CAD27DDF2E000C8F6FA /* Resources */ = {
			isa = PBXResourcesBuildPhase;
			buildActionMask = 2147483647;
			files = (
			);
			runOnlyForDeploymentPostprocessing = 0;
		};
/* End PBXResourcesBuildPhase section */

/* Begin PBXSourcesBuildPhase section */
		C57D3C6A27DB495700C8F6FA /* Sources */ = {
			isa = PBXSourcesBuildPhase;
			buildActionMask = 2147483647;
			files = (
				C57D3C7627DB495700C8F6FA /* ViewController.swift in Sources */,
				C57D3C8B27DB774300C8F6FA /* CustomTableViewCell.swift in Sources */,
				C57D3C8727DB49A400C8F6FA /* NewsFeedView.swift in Sources */,
				C57D3C7227DB495700C8F6FA /* AppDelegate.swift in Sources */,
				C57D3C7427DB495700C8F6FA /* SceneDelegate.swift in Sources */,
				C57D3C8E27DC886F00C8F6FA /* NewsDetails.swift in Sources */,
				C57D3C9127DCD84300C8F6FA /* LazyImage.swift in Sources */,
				C57D3CCC27DDF90300C8F6FA /* Constants.swift in Sources */,
			);
			runOnlyForDeploymentPostprocessing = 0;
		};
		C57D3C9727DDE80D00C8F6FA /* Sources */ = {
			isa = PBXSourcesBuildPhase;
			buildActionMask = 2147483647;
			files = (
				C57D3C9E27DDE80D00C8F6FA /* CBAOnlineTestTests.swift in Sources */,
			);
			runOnlyForDeploymentPostprocessing = 0;
		};
		C57D3CAB27DDF2E000C8F6FA /* Sources */ = {
			isa = PBXSourcesBuildPhase;
			buildActionMask = 2147483647;
			files = (
				C57D3CB227DDF2E000C8F6FA /* CBAOnlineTestUITests.swift in Sources */,
			);
			runOnlyForDeploymentPostprocessing = 0;
		};
/* End PBXSourcesBuildPhase section */

/* Begin PBXTargetDependency section */
		C57D3CA127DDE80D00C8F6FA /* PBXTargetDependency */ = {
			isa = PBXTargetDependency;
			target = C57D3C6D27DB495700C8F6FA /* CBAOnlineTest */;
			targetProxy = C57D3CA027DDE80D00C8F6FA /* PBXContainerItemProxy */;
		};
		C57D3CB527DDF2E000C8F6FA /* PBXTargetDependency */ = {
			isa = PBXTargetDependency;
			target = C57D3C6D27DB495700C8F6FA /* CBAOnlineTest */;
			targetProxy = C57D3CB427DDF2E000C8F6FA /* PBXContainerItemProxy */;
		};
/* End PBXTargetDependency section */

/* Begin PBXVariantGroup section */
		C57D3C7727DB495700C8F6FA /* Main.storyboard */ = {
			isa = PBXVariantGroup;
			children = (
				C57D3C7827DB495700C8F6FA /* Base */,
			);
			name = Main.storyboard;
			sourceTree = "<group>";
		};
		C57D3C7C27DB495900C8F6FA /* LaunchScreen.storyboard */ = {
			isa = PBXVariantGroup;
			children = (
				C57D3C7D27DB495900C8F6FA /* Base */,
			);
			name = LaunchScreen.storyboard;
			sourceTree = "<group>";
		};
/* End PBXVariantGroup section */

/* Begin XCBuildConfiguration section */
		C57D3C8027DB495900C8F6FA /* Debug */ = {
			isa = XCBuildConfiguration;
			buildSettings = {
				ALWAYS_SEARCH_USER_PATHS = NO;
				CLANG_ANALYZER_NONNULL = YES;
				CLANG_ANALYZER_NUMBER_OBJECT_CONVERSION = YES_AGGRESSIVE;
				CLANG_CXX_LANGUAGE_STANDARD = "gnu++14";
				CLANG_CXX_LIBRARY = "libc++";
				CLANG_ENABLE_MODULES = YES;
				CLANG_ENABLE_OBJC_ARC = YES;
				CLANG_ENABLE_OBJC_WEAK = YES;
				CLANG_WARN_BLOCK_CAPTURE_AUTORELEASING = YES;
				CLANG_WARN_BOOL_CONVERSION = YES;
				CLANG_WARN_COMMA = YES;
				CLANG_WARN_CONSTANT_CONVERSION = YES;
				CLANG_WARN_DEPRECATED_OBJC_IMPLEMENTATIONS = YES;
				CLANG_WARN_DIRECT_OBJC_ISA_USAGE = YES_ERROR;
				CLANG_WARN_DOCUMENTATION_COMMENTS = YES;
				CLANG_WARN_EMPTY_BODY = YES;
				CLANG_WARN_ENUM_CONVERSION = YES;
				CLANG_WARN_INFINITE_RECURSION = YES;
				CLANG_WARN_INT_CONVERSION = YES;
				CLANG_WARN_NON_LITERAL_NULL_CONVERSION = YES;
				CLANG_WARN_OBJC_IMPLICIT_RETAIN_SELF = YES;
				CLANG_WARN_OBJC_LITERAL_CONVERSION = YES;
				CLANG_WARN_OBJC_ROOT_CLASS = YES_ERROR;
				CLANG_WARN_QUOTED_INCLUDE_IN_FRAMEWORK_HEADER = YES;
				CLANG_WARN_RANGE_LOOP_ANALYSIS = YES;
				CLANG_WARN_STRICT_PROTOTYPES = YES;
				CLANG_WARN_SUSPICIOUS_MOVE = YES;
				CLANG_WARN_UNGUARDED_AVAILABILITY = YES_AGGRESSIVE;
				CLANG_WARN_UNREACHABLE_CODE = YES;
				CLANG_WARN__DUPLICATE_METHOD_MATCH = YES;
				COPY_PHASE_STRIP = NO;
				DEBUG_INFORMATION_FORMAT = dwarf;
				ENABLE_STRICT_OBJC_MSGSEND = YES;
				ENABLE_TESTABILITY = YES;
				GCC_C_LANGUAGE_STANDARD = gnu11;
				GCC_DYNAMIC_NO_PIC = NO;
				GCC_NO_COMMON_BLOCKS = YES;
				GCC_OPTIMIZATION_LEVEL = 0;
				GCC_PREPROCESSOR_DEFINITIONS = (
					"DEBUG=1",
					"$(inherited)",
				);
				GCC_WARN_64_TO_32_BIT_CONVERSION = YES;
				GCC_WARN_ABOUT_RETURN_TYPE = YES_ERROR;
				GCC_WARN_UNDECLARED_SELECTOR = YES;
				GCC_WARN_UNINITIALIZED_AUTOS = YES_AGGRESSIVE;
				GCC_WARN_UNUSED_FUNCTION = YES;
				GCC_WARN_UNUSED_VARIABLE = YES;
				IPHONEOS_DEPLOYMENT_TARGET = 14.2;
				MTL_ENABLE_DEBUG_INFO = INCLUDE_SOURCE;
				MTL_FAST_MATH = YES;
				ONLY_ACTIVE_ARCH = YES;
				SDKROOT = iphoneos;
				SWIFT_ACTIVE_COMPILATION_CONDITIONS = DEBUG;
				SWIFT_OPTIMIZATION_LEVEL = "-Onone";
			};
			name = Debug;
		};
		C57D3C8127DB495900C8F6FA /* Release */ = {
			isa = XCBuildConfiguration;
			buildSettings = {
				ALWAYS_SEARCH_USER_PATHS = NO;
				CLANG_ANALYZER_NONNULL = YES;
				CLANG_ANALYZER_NUMBER_OBJECT_CONVERSION = YES_AGGRESSIVE;
				CLANG_CXX_LANGUAGE_STANDARD = "gnu++14";
				CLANG_CXX_LIBRARY = "libc++";
				CLANG_ENABLE_MODULES = YES;
				CLANG_ENABLE_OBJC_ARC = YES;
				CLANG_ENABLE_OBJC_WEAK = YES;
				CLANG_WARN_BLOCK_CAPTURE_AUTORELEASING = YES;
				CLANG_WARN_BOOL_CONVERSION = YES;
				CLANG_WARN_COMMA = YES;
				CLANG_WARN_CONSTANT_CONVERSION = YES;
				CLANG_WARN_DEPRECATED_OBJC_IMPLEMENTATIONS = YES;
				CLANG_WARN_DIRECT_OBJC_ISA_USAGE = YES_ERROR;
				CLANG_WARN_DOCUMENTATION_COMMENTS = YES;
				CLANG_WARN_EMPTY_BODY = YES;
				CLANG_WARN_ENUM_CONVERSION = YES;
				CLANG_WARN_INFINITE_RECURSION = YES;
				CLANG_WARN_INT_CONVERSION = YES;
				CLANG_WARN_NON_LITERAL_NULL_CONVERSION = YES;
				CLANG_WARN_OBJC_IMPLICIT_RETAIN_SELF = YES;
				CLANG_WARN_OBJC_LITERAL_CONVERSION = YES;
				CLANG_WARN_OBJC_ROOT_CLASS = YES_ERROR;
				CLANG_WARN_QUOTED_INCLUDE_IN_FRAMEWORK_HEADER = YES;
				CLANG_WARN_RANGE_LOOP_ANALYSIS = YES;
				CLANG_WARN_STRICT_PROTOTYPES = YES;
				CLANG_WARN_SUSPICIOUS_MOVE = YES;
				CLANG_WARN_UNGUARDED_AVAILABILITY = YES_AGGRESSIVE;
				CLANG_WARN_UNREACHABLE_CODE = YES;
				CLANG_WARN__DUPLICATE_METHOD_MATCH = YES;
				COPY_PHASE_STRIP = NO;
				DEBUG_INFORMATION_FORMAT = "dwarf-with-dsym";
				ENABLE_NS_ASSERTIONS = NO;
				ENABLE_STRICT_OBJC_MSGSEND = YES;
				GCC_C_LANGUAGE_STANDARD = gnu11;
				GCC_NO_COMMON_BLOCKS = YES;
				GCC_WARN_64_TO_32_BIT_CONVERSION = YES;
				GCC_WARN_ABOUT_RETURN_TYPE = YES_ERROR;
				GCC_WARN_UNDECLARED_SELECTOR = YES;
				GCC_WARN_UNINITIALIZED_AUTOS = YES_AGGRESSIVE;
				GCC_WARN_UNUSED_FUNCTION = YES;
				GCC_WARN_UNUSED_VARIABLE = YES;
				IPHONEOS_DEPLOYMENT_TARGET = 14.2;
				MTL_ENABLE_DEBUG_INFO = NO;
				MTL_FAST_MATH = YES;
				SDKROOT = iphoneos;
				SWIFT_COMPILATION_MODE = wholemodule;
				SWIFT_OPTIMIZATION_LEVEL = "-O";
				VALIDATE_PRODUCT = YES;
			};
			name = Release;
		};
		C57D3C8327DB495900C8F6FA /* Debug */ = {
			isa = XCBuildConfiguration;
			buildSettings = {
				ASSETCATALOG_COMPILER_APPICON_NAME = AppIcon;
				ASSETCATALOG_COMPILER_GLOBAL_ACCENT_COLOR_NAME = AccentColor;
				CODE_SIGN_STYLE = Automatic;
				INFOPLIST_FILE = CBAOnlineTest/Info.plist;
				LD_RUNPATH_SEARCH_PATHS = (
					"$(inherited)",
					"@executable_path/Frameworks",
				);
				PRODUCT_BUNDLE_IDENTIFIER = MYAPPS.COM.CBAOnlineTest;
				PRODUCT_NAME = "$(TARGET_NAME)";
				SWIFT_VERSION = 5.0;
				TARGETED_DEVICE_FAMILY = "1,2";
			};
			name = Debug;
		};
		C57D3C8427DB495900C8F6FA /* Release */ = {
			isa = XCBuildConfiguration;
			buildSettings = {
				ASSETCATALOG_COMPILER_APPICON_NAME = AppIcon;
				ASSETCATALOG_COMPILER_GLOBAL_ACCENT_COLOR_NAME = AccentColor;
				CODE_SIGN_STYLE = Automatic;
				INFOPLIST_FILE = CBAOnlineTest/Info.plist;
				LD_RUNPATH_SEARCH_PATHS = (
					"$(inherited)",
					"@executable_path/Frameworks",
				);
				PRODUCT_BUNDLE_IDENTIFIER = MYAPPS.COM.CBAOnlineTest;
				PRODUCT_NAME = "$(TARGET_NAME)";
				SWIFT_VERSION = 5.0;
				TARGETED_DEVICE_FAMILY = "1,2";
			};
			name = Release;
		};
		C57D3CA327DDE80D00C8F6FA /* Debug */ = {
			isa = XCBuildConfiguration;
			buildSettings = {
				BUNDLE_LOADER = "$(TEST_HOST)";
				CODE_SIGN_STYLE = Automatic;
				INFOPLIST_FILE = CBAOnlineTestTests/Info.plist;
				LD_RUNPATH_SEARCH_PATHS = (
					"$(inherited)",
					"@executable_path/Frameworks",
					"@loader_path/Frameworks",
				);
				PRODUCT_BUNDLE_IDENTIFIER = MYAPPS.COM.CBAOnlineTestTests;
				PRODUCT_NAME = "$(TARGET_NAME)";
				SWIFT_VERSION = 5.0;
				TARGETED_DEVICE_FAMILY = "1,2";
				TEST_HOST = "$(BUILT_PRODUCTS_DIR)/CBAOnlineTest.app/CBAOnlineTest";
			};
			name = Debug;
		};
		C57D3CA427DDE80D00C8F6FA /* Release */ = {
			isa = XCBuildConfiguration;
			buildSettings = {
				BUNDLE_LOADER = "$(TEST_HOST)";
				CODE_SIGN_STYLE = Automatic;
				INFOPLIST_FILE = CBAOnlineTestTests/Info.plist;
				LD_RUNPATH_SEARCH_PATHS = (
					"$(inherited)",
					"@executable_path/Frameworks",
					"@loader_path/Frameworks",
				);
				PRODUCT_BUNDLE_IDENTIFIER = MYAPPS.COM.CBAOnlineTestTests;
				PRODUCT_NAME = "$(TARGET_NAME)";
				SWIFT_VERSION = 5.0;
				TARGETED_DEVICE_FAMILY = "1,2";
				TEST_HOST = "$(BUILT_PRODUCTS_DIR)/CBAOnlineTest.app/CBAOnlineTest";
			};
			name = Release;
		};
		C57D3CB727DDF2E000C8F6FA /* Debug */ = {
			isa = XCBuildConfiguration;
			buildSettings = {
				CODE_SIGN_STYLE = Automatic;
				INFOPLIST_FILE = CBAOnlineTestUITests/Info.plist;
				LD_RUNPATH_SEARCH_PATHS = (
					"$(inherited)",
					"@executable_path/Frameworks",
					"@loader_path/Frameworks",
				);
				PRODUCT_BUNDLE_IDENTIFIER = MYAPPS.COM.CBAOnlineTestUITests;
				PRODUCT_NAME = "$(TARGET_NAME)";
				SWIFT_VERSION = 5.0;
				TARGETED_DEVICE_FAMILY = "1,2";
				TEST_TARGET_NAME = CBAOnlineTest;
			};
			name = Debug;
		};
		C57D3CB827DDF2E000C8F6FA /* Release */ = {
			isa = XCBuildConfiguration;
			buildSettings = {
				CODE_SIGN_STYLE = Automatic;
				INFOPLIST_FILE = CBAOnlineTestUITests/Info.plist;
				LD_RUNPATH_SEARCH_PATHS = (
					"$(inherited)",
					"@executable_path/Frameworks",
					"@loader_path/Frameworks",
				);
				PRODUCT_BUNDLE_IDENTIFIER = MYAPPS.COM.CBAOnlineTestUITests;
				PRODUCT_NAME = "$(TARGET_NAME)";
				SWIFT_VERSION = 5.0;
				TARGETED_DEVICE_FAMILY = "1,2";
				TEST_TARGET_NAME = CBAOnlineTest;
			};
			name = Release;
		};
/* End XCBuildConfiguration section */

/* Begin XCConfigurationList section */
		C57D3C6927DB495700C8F6FA /* Build configuration list for PBXProject "CBAOnlineTest" */ = {
			isa = XCConfigurationList;
			buildConfigurations = (
				C57D3C8027DB495900C8F6FA /* Debug */,
				C57D3C8127DB495900C8F6FA /* Release */,
			);
			defaultConfigurationIsVisible = 0;
			defaultConfigurationName = Release;
		};
		C57D3C8227DB495900C8F6FA /* Build configuration list for PBXNativeTarget "CBAOnlineTest" */ = {
			isa = XCConfigurationList;
			buildConfigurations = (
				C57D3C8327DB495900C8F6FA /* Debug */,
				C57D3C8427DB495900C8F6FA /* Release */,
			);
			defaultConfigurationIsVisible = 0;
			defaultConfigurationName = Release;
		};
		C57D3CA227DDE80D00C8F6FA /* Build configuration list for PBXNativeTarget "CBAOnlineTestTests" */ = {
			isa = XCConfigurationList;
			buildConfigurations = (
				C57D3CA327DDE80D00C8F6FA /* Debug */,
				C57D3CA427DDE80D00C8F6FA /* Release */,
			);
			defaultConfigurationIsVisible = 0;
			defaultConfigurationName = Release;
		};
		C57D3CB627DDF2E000C8F6FA /* Build configuration list for PBXNativeTarget "CBAOnlineTestUITests" */ = {
			isa = XCConfigurationList;
			buildConfigurations = (
				C57D3CB727DDF2E000C8F6FA /* Debug */,
				C57D3CB827DDF2E000C8F6FA /* Release */,
			);
			defaultConfigurationIsVisible = 0;
			defaultConfigurationName = Release;
		};
/* End XCConfigurationList section */
	};
	rootObject = C57D3C6627DB495700C8F6FA /* Project object */;
}
